
Microsoft Visual Studio Solution File, Format Version 12.00
# Visual Studio 14
VisualStudioVersion = 14.0.24720.0
MinimumVisualStudioVersion = 10.0.40219.1
Project("{2150E333-8FDC-42A3-9474-1A3956D46DE8}") = "281", "281", "{6C861FA3-0B5B-48DE-85EF-64C59C3BB4A6}"
EndProject
Project("{8BC9CEB8-8B4A-11D0-8D11-00A0C91BC942}") = "example", "281\example\example.vcxproj", "{AE396215-C60E-4AA1-BEC8-4847C14FDAC4}"
EndProject
Project("{8BC9CEB8-8B4A-11D0-8D11-00A0C91BC942}") = "pipe_attack", "281\pipe_attack\pipe_attack.vcxproj", "{B8A88634-9D5B-4C90-8B8F-693DB95A1730}"
EndProject
Project("{8BC9CEB8-8B4A-11D0-8D11-00A0C91BC942}") = "mmap_attack", "281\mmap_attack\mmap_attack.vcxproj", "{8B39550F-E8FF-48F2-AAD3-473CFAD5A142}"
EndProject
Project("{8BC9CEB8-8B4A-11D0-8D11-00A0C91BC942}") = "network_attack", "281\network_attack\network_attack.vcxproj", "{BD8858F9-785F-4329-B7BA-094F550265BE}"
EndProject
Project("{2150E333-8FDC-42A3-9474-1A3956D46DE8}") = "280", "280", "{D46A5F61-14A1-40AB-8A0E-C3916B6A0B51}"
EndProject
Project("{8BC9CEB8-8B4A-11D0-8D11-00A0C91BC942}") = "example", "280\example\example.vcxproj", "{B92015F8-1B2D-491A-9CF1-0F6428888E4D}"
EndProject
Project("{8BC9CEB8-8B4A-11D0-8D11-00A0C91BC942}") = "leak_attack", "280\leak_attack\leak_attack.vcxproj", "{47CE7323-8ADA-41FB-B672-C5A12AB07D11}"
EndProject
Global
	GlobalSection(SolutionConfigurationPlatforms) = preSolution
		Debug|x64 = Debug|x64
		Debug|x86 = Debug|x86
		Release|x64 = Release|x64
		Release|x86 = Release|x86
	EndGlobalSection
	GlobalSection(ProjectConfigurationPlatforms) = postSolution
		{AE396215-C60E-4AA1-BEC8-4847C14FDAC4}.Debug|x64.ActiveCfg = Debug|x64
		{AE396215-C60E-4AA1-BEC8-4847C14FDAC4}.Debug|x64.Build.0 = Debug|x64
		{AE396215-C60E-4AA1-BEC8-4847C14FDAC4}.Debug|x86.ActiveCfg = Debug|Win32
		{AE396215-C60E-4AA1-BEC8-4847C14FDAC4}.Debug|x86.Build.0 = Debug|Win32
		{AE396215-C60E-4AA1-BEC8-4847C14FDAC4}.Release|x64.ActiveCfg = Release|x64
		{AE396215-C60E-4AA1-BEC8-4847C14FDAC4}.Release|x64.Build.0 = Release|x64
		{AE396215-C60E-4AA1-BEC8-4847C14FDAC4}.Release|x86.ActiveCfg = Release|Win32
		{AE396215-C60E-4AA1-BEC8-4847C14FDAC4}.Release|x86.Build.0 = Release|Win32
		{B8A88634-9D5B-4C90-8B8F-693DB95A1730}.Debug|x64.ActiveCfg = Debug|x64
		{B8A88634-9D5B-4C90-8B8F-693DB95A1730}.Debug|x64.Build.0 = Debug|x64
		{B8A88634-9D5B-4C90-8B8F-693DB95A1730}.Debug|x86.ActiveCfg = Debug|Win32
		{B8A88634-9D5B-4C90-8B8F-693DB95A1730}.Debug|x86.Build.0 = Debug|Win32
		{B8A88634-9D5B-4C90-8B8F-693DB95A1730}.Release|x64.ActiveCfg = Release|x64
		{B8A88634-9D5B-4C90-8B8F-693DB95A1730}.Release|x64.Build.0 = Release|x64
		{B8A88634-9D5B-4C90-8B8F-693DB95A1730}.Release|x86.ActiveCfg = Release|Win32
		{B8A88634-9D5B-4C90-8B8F-693DB95A1730}.Release|x86.Build.0 = Release|Win32
		{8B39550F-E8FF-48F2-AAD3-473CFAD5A142}.Debug|x64.ActiveCfg = Debug|x64
		{8B39550F-E8FF-48F2-AAD3-473CFAD5A142}.Debug|x64.Build.0 = Debug|x64
		{8B39550F-E8FF-48F2-AAD3-473CFAD5A142}.Debug|x86.ActiveCfg = Debug|Win32
		{8B39550F-E8FF-48F2-AAD3-473CFAD5A142}.Debug|x86.Build.0 = Debug|Win32
		{8B39550F-E8FF-48F2-AAD3-473CFAD5A142}.Release|x64.ActiveCfg = Release|x64
		{8B39550F-E8FF-48F2-AAD3-473CFAD5A142}.Release|x64.Build.0 = Release|x64
		{8B39550F-E8FF-48F2-AAD3-473CFAD5A142}.Release|x86.ActiveCfg = Release|Win32
		{8B39550F-E8FF-48F2-AAD3-473CFAD5A142}.Release|x86.Build.0 = Release|Win32
		{BD8858F9-785F-4329-B7BA-094F550265BE}.Debug|x64.ActiveCfg = Debug|x64
		{BD8858F9-785F-4329-B7BA-094F550265BE}.Debug|x64.Build.0 = Debug|x64
		{BD8858F9-785F-4329-B7BA-094F550265BE}.Debug|x86.ActiveCfg = Debug|Win32
		{BD8858F9-785F-4329-B7BA-094F550265BE}.Debug|x86.Build.0 = Debug|Win32
		{BD8858F9-785F-4329-B7BA-094F550265BE}.Release|x64.ActiveCfg = Release|x64
		{BD8858F9-785F-4329-B7BA-094F550265BE}.Release|x64.Build.0 = Release|x64
		{BD8858F9-785F-4329-B7BA-094F550265BE}.Release|x86.ActiveCfg = Release|Win32
		{BD8858F9-785F-4329-B7BA-094F550265BE}.Release|x86.Build.0 = Release|Win32
		{B92015F8-1B2D-491A-9CF1-0F6428888E4D}.Debug|x64.ActiveCfg = Debug|x64
		{B92015F8-1B2D-491A-9CF1-0F6428888E4D}.Debug|x64.Build.0 = Debug|x64
		{B92015F8-1B2D-491A-9CF1-0F6428888E4D}.Debug|x86.ActiveCfg = Debug|Win32
		{B92015F8-1B2D-491A-9CF1-0F6428888E4D}.Debug|x86.Build.0 = Debug|Win32
		{B92015F8-1B2D-491A-9CF1-0F6428888E4D}.Release|x64.ActiveCfg = Release|x64
		{B92015F8-1B2D-491A-9CF1-0F6428888E4D}.Release|x64.Build.0 = Release|x64
		{B92015F8-1B2D-491A-9CF1-0F6428888E4D}.Release|x86.ActiveCfg = Release|Win32
		{B92015F8-1B2D-491A-9CF1-0F6428888E4D}.Release|x86.Build.0 = Release|Win32
		{47CE7323-8ADA-41FB-B672-C5A12AB07D11}.Debug|x64.ActiveCfg = Debug|x64
		{47CE7323-8ADA-41FB-B672-C5A12AB07D11}.Debug|x64.Build.0 = Debug|x64
		{47CE7323-8ADA-41FB-B672-C5A12AB07D11}.Debug|x86.ActiveCfg = Debug|Win32
		{47CE7323-8ADA-41FB-B672-C5A12AB07D11}.Debug|x86.Build.0 = Debug|Win32
		{47CE7323-8ADA-41FB-B672-C5A12AB07D11}.Release|x64.ActiveCfg = Release|x64
		{47CE7323-8ADA-41FB-B672-C5A12AB07D11}.Release|x64.Build.0 = Release|x64
		{47CE7323-8ADA-41FB-B672-C5A12AB07D11}.Release|x86.ActiveCfg = Release|Win32
		{47CE7323-8ADA-41FB-B672-C5A12AB07D11}.Release|x86.Build.0 = Release|Win32
	EndGlobalSection
	GlobalSection(SolutionProperties) = preSolution
		HideSolutionNode = FALSE
	EndGlobalSection
	GlobalSection(NestedProjects) = preSolution
		{AE396215-C60E-4AA1-BEC8-4847C14FDAC4} = {6C861FA3-0B5B-48DE-85EF-64C59C3BB4A6}
		{B8A88634-9D5B-4C90-8B8F-693DB95A1730} = {6C861FA3-0B5B-48DE-85EF-64C59C3BB4A6}
		{8B39550F-E8FF-48F2-AAD3-473CFAD5A142} = {6C861FA3-0B5B-48DE-85EF-64C59C3BB4A6}
		{BD8858F9-785F-4329-B7BA-094F550265BE} = {6C861FA3-0B5B-48DE-85EF-64C59C3BB4A6}
		{B92015F8-1B2D-491A-9CF1-0F6428888E4D} = {D46A5F61-14A1-40AB-8A0E-C3916B6A0B51}
		{47CE7323-8ADA-41FB-B672-C5A12AB07D11} = {D46A5F61-14A1-40AB-8A0E-C3916B6A0B51}
	EndGlobalSection
EndGlobal
